
Microsoft Visual Studio Solution File, Format Version 12.00
# Visual Studio Version 17
VisualStudioVersion = 17.0.31903.59
MinimumVisualStudioVersion = 10.0.40219.1
Project("{FAE04EC0-301F-11D3-BF4B-00C04F79EFBC}") = "DarkwoodMP.Server", "DarkwoodMP.Server\DarkwoodMP.Server.csproj", "{EFF69368-A3F1-4705-A2F6-B8EA561278A7}"
EndProject
Project("{FAE04EC0-301F-11D3-BF4B-00C04F79EFBC}") = "DarkwoodMP.Protocol.Tests", "DarkwoodMP.Protocol.Tests\DarkwoodMP.Protocol.Tests.csproj", "{AB3B2D13-8DE3-474D-AAE5-5FD40E1DAE95}"
EndProject
Global
	GlobalSection(SolutionConfigurationPlatforms) = preSolution
		Debug|Any CPU = Debug|Any CPU
		Debug|x64 = Debug|x64
		Debug|x86 = Debug|x86
		Release|Any CPU = Release|Any CPU
		Release|x64 = Release|x64
		Release|x86 = Release|x86
	EndGlobalSection
	GlobalSection(ProjectConfigurationPlatforms) = postSolution
		{EFF69368-A3F1-4705-A2F6-B8EA561278A7}.Debug|Any CPU.ActiveCfg = Debug|Any CPU
		{EFF69368-A3F1-4705-A2F6-B8EA561278A7}.Debug|Any CPU.Build.0 = Debug|Any CPU
		{EFF69368-A3F1-4705-A2F6-B8EA561278A7}.Debug|x64.ActiveCfg = Debug|Any CPU
		{EFF69368-A3F1-4705-A2F6-B8EA561278A7}.Debug|x64.Build.0 = Debug|Any CPU
		{EFF69368-A3F1-4705-A2F6-B8EA561278A7}.Debug|x86.ActiveCfg = Debug|Any CPU
		{EFF69368-A3F1-4705-A2F6-B8EA561278A7}.Debug|x86.Build.0 = Debug|Any CPU
		{EFF69368-A3F1-4705-A2F6-B8EA561278A7}.Release|Any CPU.ActiveCfg = Release|Any CPU
		{EFF69368-A3F1-4705-A2F6-B8EA561278A7}.Release|Any CPU.Build.0 = Release|Any CPU
		{EFF69368-A3F1-4705-A2F6-B8EA561278A7}.Release|x64.ActiveCfg = Release|Any CPU
		{EFF69368-A3F1-4705-A2F6-B8EA561278A7}.Release|x64.Build.0 = Release|Any CPU
		{EFF69368-A3F1-4705-A2F6-B8EA561278A7}.Release|x86.ActiveCfg = Release|Any CPU
		{EFF69368-A3F1-4705-A2F6-B8EA561278A7}.Release|x86.Build.0 = Release|Any CPU
		{AB3B2D13-8DE3-474D-AAE5-5FD40E1DAE95}.Debug|Any CPU.ActiveCfg = Debug|Any CPU
		{AB3B2D13-8DE3-474D-AAE5-5FD40E1DAE95}.Debug|Any CPU.Build.0 = Debug|Any CPU
		{AB3B2D13-8DE3-474D-AAE5-5FD40E1DAE95}.Debug|x64.ActiveCfg = Debug|Any CPU
		{AB3B2D13-8DE3-474D-AAE5-5FD40E1DAE95}.Debug|x64.Build.0 = Debug|Any CPU
		{AB3B2D13-8DE3-474D-AAE5-5FD40E1DAE95}.Debug|x86.ActiveCfg = Debug|Any CPU
		{AB3B2D13-8DE3-474D-AAE5-5FD40E1DAE95}.Debug|x86.Build.0 = Debug|Any CPU
		{AB3B2D13-8DE3-474D-AAE5-5FD40E1DAE95}.Release|Any CPU.ActiveCfg = Release|Any CPU
		{AB3B2D13-8DE3-474D-AAE5-5FD40E1DAE95}.Release|Any CPU.Build.0 = Release|Any CPU
		{AB3B2D13-8DE3-474D-AAE5-5FD40E1DAE95}.Release|x64.ActiveCfg = Release|Any CPU
		{AB3B2D13-8DE3-474D-AAE5-5FD40E1DAE95}.Release|x64.Build.0 = Release|Any CPU
		{AB3B2D13-8DE3-474D-AAE5-5FD40E1DAE95}.Release|x86.ActiveCfg = Release|Any CPU
		{AB3B2D13-8DE3-474D-AAE5-5FD40E1DAE95}.Release|x86.Build.0 = Release|Any CPU
	EndGlobalSection
	GlobalSection(SolutionProperties) = preSolution
		HideSolutionNode = FALSE
	EndGlobalSection
EndGlobal
